# This file is automatically @generated by Cargo.
# It is not intended for manual editing.
version = 3

[[package]]
name = "aoc"
version = "0.1.0"
dependencies = [
 "indextree",
 "paste",
 "text_io",
]

[[package]]
name = "indextree"
version = "4.5.0"
source = "registry+https://github.com/rust-lang/crates.io-index"
checksum = "497f036ac2fae75c34224648a77802e5dd4e9cfb56f4713ab6b12b7160a0523b"

[[package]]
name = "paste"
version = "1.0.9"
source = "registry+https://github.com/rust-lang/crates.io-index"
checksum = "b1de2e551fb905ac83f73f7aedf2f0cb4a0da7e35efa24a202a936269f1f18e1"

[[package]]
name = "text_io"
version = "0.1.12"
source = "registry+https://github.com/rust-lang/crates.io-index"
checksum = "d5f0c8eb2ad70c12a6a69508f499b3051c924f4b1cfeae85bfad96e6bc5bba46"
